
Microsoft Visual Studio Solution File, Format Version 12.00
# Visual Studio Version 17
VisualStudioVersion = 17.2.32630.192
MinimumVisualStudioVersion = 10.0.40219.1
Project("{8BC9CEB8-8B4A-11D0-8D11-00A0C91BC942}") = "ctap", "ctap\ctap.vcxproj", "{54AC5A74-6CCE-495A-80E2-6A2946390D89}"
EndProject
Global
	GlobalSection(SolutionConfigurationPlatforms) = preSolution
		Debug|x64 = Debug|x64
		Debug|x86 = Debug|x86
		Release|x64 = Release|x64
		Release|x86 = Release|x86
	EndGlobalSection
	GlobalSection(ProjectConfigurationPlatforms) = postSolution
		{54AC5A74-6CCE-495A-80E2-6A2946390D89}.Debug|x64.ActiveCfg = Debug|x64
		{54AC5A74-6CCE-495A-80E2-6A2946390D89}.Debug|x64.Build.0 = Debug|x64
		{54AC5A74-6CCE-495A-80E2-6A2946390D89}.Debug|x86.ActiveCfg = Debug|Win32
		{54AC5A74-6CCE-495A-80E2-6A2946390D89}.Debug|x86.Build.0 = Debug|Win32
		{54AC5A74-6CCE-495A-80E2-6A2946390D89}.Release|x64.ActiveCfg = Release|x64
		{54AC5A74-6CCE-495A-80E2-6A2946390D89}.Release|x64.Build.0 = Release|x64
		{54AC5A74-6CCE-495A-80E2-6A2946390D89}.Release|x86.ActiveCfg = Release|Win32
		{54AC5A74-6CCE-495A-80E2-6A2946390D89}.Release|x86.Build.0 = Release|Win32
	EndGlobalSection
	GlobalSection(SolutionProperties) = preSolution
		HideSolutionNode = FALSE
	EndGlobalSection
	GlobalSection(ExtensibilityGlobals) = postSolution
		SolutionGuid = {119A000C-7292-4C5E-B7BD-297D1B75E38D}
	EndGlobalSection
EndGlobal
